
Microsoft Visual Studio Solution File, Format Version 12.00
# Visual Studio Version 17
VisualStudioVersion = 17.0.31903.59
MinimumVisualStudioVersion = 10.0.40219.1
Project("{FAE04EC0-301F-11D3-BF4B-00C04F79EFBC}") = "BancaJornal.Model", "BancaJornal.Model\BancaJornal.Model.csproj", "{A1B1C1D1-E1F1-4A5B-9C8D-1E2F3A4B5C6D}"
EndProject
Project("{FAE04EC0-301F-11D3-BF4B-00C04F79EFBC}") = "BancaJornal.Repository", "BancaJornal.Repository\BancaJornal.Repository.csproj", "{B2C2D2E2-F2A2-4B6C-AD9E-2F3A4B5C6D7E}"
EndProject
Project("{FAE04EC0-301F-11D3-BF4B-00C04F79EFBC}") = "BancaJornal.Application", "BancaJornal.Application\BancaJornal.Application.csproj", "{C3D3E3F3-A3B3-4C7D-BE0F-3A4B5C6D7E8F}"
EndProject
Project("{FAE04EC0-301F-11D3-BF4B-00C04F79EFBC}") = "BancaJornal.Api", "BancaJornal.Api\BancaJornal.Api.csproj", "{F7437DF3-0022-4B67-B7BB-7DEC10C55508}"
EndProject
Project("{FAE04EC0-301F-11D3-BF4B-00C04F79EFBC}") = "BancaJornal.Web", "BancaJornal.Web\BancaJornal.Web.csproj", "{506DB6AD-0017-4D9F-8D0B-5B81B011FD8B}"
EndProject
Global
	GlobalSection(SolutionConfigurationPlatforms) = preSolution
		Debug|Any CPU = Debug|Any CPU
		Debug|x64 = Debug|x64
		Debug|x86 = Debug|x86
		Release|Any CPU = Release|Any CPU
		Release|x64 = Release|x64
		Release|x86 = Release|x86
	EndGlobalSection
	GlobalSection(ProjectConfigurationPlatforms) = postSolution
		{A1B1C1D1-E1F1-4A5B-9C8D-1E2F3A4B5C6D}.Debug|Any CPU.ActiveCfg = Debug|Any CPU
		{A1B1C1D1-E1F1-4A5B-9C8D-1E2F3A4B5C6D}.Debug|Any CPU.Build.0 = Debug|Any CPU
		{A1B1C1D1-E1F1-4A5B-9C8D-1E2F3A4B5C6D}.Debug|x64.ActiveCfg = Debug|Any CPU
		{A1B1C1D1-E1F1-4A5B-9C8D-1E2F3A4B5C6D}.Debug|x64.Build.0 = Debug|Any CPU
		{A1B1C1D1-E1F1-4A5B-9C8D-1E2F3A4B5C6D}.Debug|x86.ActiveCfg = Debug|Any CPU
		{A1B1C1D1-E1F1-4A5B-9C8D-1E2F3A4B5C6D}.Debug|x86.Build.0 = Debug|Any CPU
		{A1B1C1D1-E1F1-4A5B-9C8D-1E2F3A4B5C6D}.Release|Any CPU.ActiveCfg = Release|Any CPU
		{A1B1C1D1-E1F1-4A5B-9C8D-1E2F3A4B5C6D}.Release|Any CPU.Build.0 = Release|Any CPU
		{A1B1C1D1-E1F1-4A5B-9C8D-1E2F3A4B5C6D}.Release|x64.ActiveCfg = Release|Any CPU
		{A1B1C1D1-E1F1-4A5B-9C8D-1E2F3A4B5C6D}.Release|x64.Build.0 = Release|Any CPU
		{A1B1C1D1-E1F1-4A5B-9C8D-1E2F3A4B5C6D}.Release|x86.ActiveCfg = Release|Any CPU
		{A1B1C1D1-E1F1-4A5B-9C8D-1E2F3A4B5C6D}.Release|x86.Build.0 = Release|Any CPU
		{B2C2D2E2-F2A2-4B6C-AD9E-2F3A4B5C6D7E}.Debug|Any CPU.ActiveCfg = Debug|Any CPU
		{B2C2D2E2-F2A2-4B6C-AD9E-2F3A4B5C6D7E}.Debug|Any CPU.Build.0 = Debug|Any CPU
		{B2C2D2E2-F2A2-4B6C-AD9E-2F3A4B5C6D7E}.Debug|x64.ActiveCfg = Debug|Any CPU
		{B2C2D2E2-F2A2-4B6C-AD9E-2F3A4B5C6D7E}.Debug|x64.Build.0 = Debug|Any CPU
		{B2C2D2E2-F2A2-4B6C-AD9E-2F3A4B5C6D7E}.Debug|x86.ActiveCfg = Debug|Any CPU
		{B2C2D2E2-F2A2-4B6C-AD9E-2F3A4B5C6D7E}.Debug|x86.Build.0 = Debug|Any CPU
		{B2C2D2E2-F2A2-4B6C-AD9E-2F3A4B5C6D7E}.Release|Any CPU.ActiveCfg = Release|Any CPU
		{B2C2D2E2-F2A2-4B6C-AD9E-2F3A4B5C6D7E}.Release|Any CPU.Build.0 = Release|Any CPU
		{B2C2D2E2-F2A2-4B6C-AD9E-2F3A4B5C6D7E}.Release|x64.ActiveCfg = Release|Any CPU
		{B2C2D2E2-F2A2-4B6C-AD9E-2F3A4B5C6D7E}.Release|x64.Build.0 = Release|Any CPU
		{B2C2D2E2-F2A2-4B6C-AD9E-2F3A4B5C6D7E}.Release|x86.ActiveCfg = Release|Any CPU
		{B2C2D2E2-F2A2-4B6C-AD9E-2F3A4B5C6D7E}.Release|x86.Build.0 = Release|Any CPU
		{C3D3E3F3-A3B3-4C7D-BE0F-3A4B5C6D7E8F}.Debug|Any CPU.ActiveCfg = Debug|Any CPU
		{C3D3E3F3-A3B3-4C7D-BE0F-3A4B5C6D7E8F}.Debug|Any CPU.Build.0 = Debug|Any CPU
		{C3D3E3F3-A3B3-4C7D-BE0F-3A4B5C6D7E8F}.Debug|x64.ActiveCfg = Debug|Any CPU
		{C3D3E3F3-A3B3-4C7D-BE0F-3A4B5C6D7E8F}.Debug|x64.Build.0 = Debug|Any CPU
		{C3D3E3F3-A3B3-4C7D-BE0F-3A4B5C6D7E8F}.Debug|x86.ActiveCfg = Debug|Any CPU
		{C3D3E3F3-A3B3-4C7D-BE0F-3A4B5C6D7E8F}.Debug|x86.Build.0 = Debug|Any CPU
		{C3D3E3F3-A3B3-4C7D-BE0F-3A4B5C6D7E8F}.Release|Any CPU.ActiveCfg = Release|Any CPU
		{C3D3E3F3-A3B3-4C7D-BE0F-3A4B5C6D7E8F}.Release|Any CPU.Build.0 = Release|Any CPU
		{C3D3E3F3-A3B3-4C7D-BE0F-3A4B5C6D7E8F}.Release|x64.ActiveCfg = Release|Any CPU
		{C3D3E3F3-A3B3-4C7D-BE0F-3A4B5C6D7E8F}.Release|x64.Build.0 = Release|Any CPU
		{C3D3E3F3-A3B3-4C7D-BE0F-3A4B5C6D7E8F}.Release|x86.ActiveCfg = Release|Any CPU
		{C3D3E3F3-A3B3-4C7D-BE0F-3A4B5C6D7E8F}.Release|x86.Build.0 = Release|Any CPU
		{F7437DF3-0022-4B67-B7BB-7DEC10C55508}.Debug|Any CPU.ActiveCfg = Debug|Any CPU
		{F7437DF3-0022-4B67-B7BB-7DEC10C55508}.Debug|Any CPU.Build.0 = Debug|Any CPU
		{F7437DF3-0022-4B67-B7BB-7DEC10C55508}.Debug|x64.ActiveCfg = Debug|Any CPU
		{F7437DF3-0022-4B67-B7BB-7DEC10C55508}.Debug|x64.Build.0 = Debug|Any CPU
		{F7437DF3-0022-4B67-B7BB-7DEC10C55508}.Debug|x86.ActiveCfg = Debug|Any CPU
		{F7437DF3-0022-4B67-B7BB-7DEC10C55508}.Debug|x86.Build.0 = Debug|Any CPU
		{F7437DF3-0022-4B67-B7BB-7DEC10C55508}.Release|Any CPU.ActiveCfg = Release|Any CPU
		{F7437DF3-0022-4B67-B7BB-7DEC10C55508}.Release|Any CPU.Build.0 = Release|Any CPU
		{F7437DF3-0022-4B67-B7BB-7DEC10C55508}.Release|x64.ActiveCfg = Release|Any CPU
		{F7437DF3-0022-4B67-B7BB-7DEC10C55508}.Release|x64.Build.0 = Release|Any CPU
		{F7437DF3-0022-4B67-B7BB-7DEC10C55508}.Release|x86.ActiveCfg = Release|Any CPU
		{F7437DF3-0022-4B67-B7BB-7DEC10C55508}.Release|x86.Build.0 = Release|Any CPU
		{506DB6AD-0017-4D9F-8D0B-5B81B011FD8B}.Debug|Any CPU.ActiveCfg = Debug|Any CPU
		{506DB6AD-0017-4D9F-8D0B-5B81B011FD8B}.Debug|Any CPU.Build.0 = Debug|Any CPU
		{506DB6AD-0017-4D9F-8D0B-5B81B011FD8B}.Debug|x64.ActiveCfg = Debug|Any CPU
		{506DB6AD-0017-4D9F-8D0B-5B81B011FD8B}.Debug|x64.Build.0 = Debug|Any CPU
		{506DB6AD-0017-4D9F-8D0B-5B81B011FD8B}.Debug|x86.ActiveCfg = Debug|Any CPU
		{506DB6AD-0017-4D9F-8D0B-5B81B011FD8B}.Debug|x86.Build.0 = Debug|Any CPU
		{506DB6AD-0017-4D9F-8D0B-5B81B011FD8B}.Release|Any CPU.ActiveCfg = Release|Any CPU
		{506DB6AD-0017-4D9F-8D0B-5B81B011FD8B}.Release|Any CPU.Build.0 = Release|Any CPU
		{506DB6AD-0017-4D9F-8D0B-5B81B011FD8B}.Release|x64.ActiveCfg = Release|Any CPU
		{506DB6AD-0017-4D9F-8D0B-5B81B011FD8B}.Release|x64.Build.0 = Release|Any CPU
		{506DB6AD-0017-4D9F-8D0B-5B81B011FD8B}.Release|x86.ActiveCfg = Release|Any CPU
		{506DB6AD-0017-4D9F-8D0B-5B81B011FD8B}.Release|x86.Build.0 = Release|Any CPU
	EndGlobalSection
	GlobalSection(SolutionProperties) = preSolution
		HideSolutionNode = FALSE
	EndGlobalSection
EndGlobal
